Microsoft Visual Studio Solution File, Format Version 12.00
# Visual Studio 2012
Project("{FAE04EC0-301F-11D3-BF4B-00C04F79EFBC}") = "godot_learn_project", "godot_learn_project.csproj", "{D9A62C92-B61A-4A47-94DF-18A4F7E067CF}"
EndProject
Global
	GlobalSection(SolutionConfigurationPlatforms) = preSolution
	Debug|Any CPU = Debug|Any CPU
	ExportDebug|Any CPU = ExportDebug|Any CPU
	ExportRelease|Any CPU = ExportRelease|Any CPU
	EndGlobalSection
	GlobalSection(ProjectConfigurationPlatforms) = postSolution
		{D9A62C92-B61A-4A47-94DF-18A4F7E067CF}.Debug|Any CPU.ActiveCfg = Debug|Any CPU
		{D9A62C92-B61A-4A47-94DF-18A4F7E067CF}.Debug|Any CPU.Build.0 = Debug|Any CPU
		{D9A62C92-B61A-4A47-94DF-18A4F7E067CF}.ExportDebug|Any CPU.ActiveCfg = ExportDebug|Any CPU
		{D9A62C92-B61A-4A47-94DF-18A4F7E067CF}.ExportDebug|Any CPU.Build.0 = ExportDebug|Any CPU
		{D9A62C92-B61A-4A47-94DF-18A4F7E067CF}.ExportRelease|Any CPU.ActiveCfg = ExportRelease|Any CPU
		{D9A62C92-B61A-4A47-94DF-18A4F7E067CF}.ExportRelease|Any CPU.Build.0 = ExportRelease|Any CPU
	EndGlobalSection
EndGlobal
